
Microsoft Visual Studio Solution File, Format Version 12.00
# Visual Studio Version 17
VisualStudioVersion = 17.1.31911.260
MinimumVisualStudioVersion = 10.0.40219.1
Project("{9A19103F-16F7-4668-BE54-9A1E7A4F7556}") = "SourceGenerator.Foundations", "SourceGenerator.Foundations\SourceGenerator.Foundations.csproj", "{0085A518-02B6-4218-B718-00C0F69B99AB}"
EndProject
Project("{9A19103F-16F7-4668-BE54-9A1E7A4F7556}") = "SourceGenerator.Foundations.Contracts", "SourceGenerator.Foundations.Contracts\SourceGenerator.Foundations.Contracts.csproj", "{E6A4D948-7741-4A56-92A4-C8B800CC7DDE}"
EndProject
Project("{2150E333-8FDC-42A3-9474-1A3956D46DE8}") = "Solution Items", "Solution Items", "{9DE06F12-24AF-41EF-8214-F015EEF952BB}"
	ProjectSection(SolutionItems) = preProject
		.editorconfig = .editorconfig
		Directory.Build.props = Directory.Build.props
		Directory.Build.targets = Directory.Build.targets
		Directory.Packages.props = Directory.Packages.props
		Nuget.Build.props = Nuget.Build.props
	EndProjectSection
EndProject
Project("{2150E333-8FDC-42A3-9474-1A3956D46DE8}") = "Environments", "Environments", "{A651676B-FBDB-4710-B010-D05AF3A56084}"
EndProject
Project("{9A19103F-16F7-4668-BE54-9A1E7A4F7556}") = "SourceGenerator.Foundations.Windows", "Plugins\SourceGenerator.Foundations.Windows\SourceGenerator.Foundations.Windows.csproj", "{DC8C5A1A-6269-4BA7-852A-D21CB0B2B5A0}"
EndProject
Project("{2150E333-8FDC-42A3-9474-1A3956D46DE8}") = "Sandbox", "Sandbox", "{6118BF32-23BA-4D33-946E-F7E8A6F5D758}"
EndProject
Project("{9A19103F-16F7-4668-BE54-9A1E7A4F7556}") = "ConsoleApp", "Sandbox\ConsoleApp\ConsoleApp.csproj", "{F4BA95B9-0353-44CA-9502-C74B532321B7}"
EndProject
Project("{9A19103F-16F7-4668-BE54-9A1E7A4F7556}") = "ConsoleApp.SourceGenerator", "Sandbox\ConsoleApp.SourceGenerator\ConsoleApp.SourceGenerator.csproj", "{594AACB5-B550-46CF-B6E2-16EF826D655A}"
EndProject
Project("{D954291E-2A0B-460D-934E-DC6B0785DB48}") = "SourceGenerator.Foundations.Shared", "SourceGenerator.Foundations.Shared\SourceGenerator.Foundations.Shared.shproj", "{8AF3630C-2BF5-4854-A45D-0074C2787964}"
EndProject
Project("{9A19103F-16F7-4668-BE54-9A1E7A4F7556}") = "ConsoleApp.SourceGenerator.Tests", "Sandbox\ConsoleApp.SourceGenerator.Tests\ConsoleApp.SourceGenerator.Tests.csproj", "{560C8028-2831-4697-9571-A9920FB972E7}"
EndProject
Project("{9A19103F-16F7-4668-BE54-9A1E7A4F7556}") = "SourceGenerator.Foundations.Tests", "SourceGenerator.Foundations.Tests\SourceGenerator.Foundations.Tests.csproj", "{7D1F6C4F-2A50-4706-8ECF-BA8BCE3E1C81}"
EndProject
Global
	GlobalSection(SolutionConfigurationPlatforms) = preSolution
		Debug|Any CPU = Debug|Any CPU
		Debug|x64 = Debug|x64
		Release|Any CPU = Release|Any CPU
		Release|x64 = Release|x64
	EndGlobalSection
	GlobalSection(ProjectConfigurationPlatforms) = postSolution
		{0085A518-02B6-4218-B718-00C0F69B99AB}.Debug|Any CPU.ActiveCfg = Debug|Any CPU
		{0085A518-02B6-4218-B718-00C0F69B99AB}.Debug|Any CPU.Build.0 = Debug|Any CPU
		{0085A518-02B6-4218-B718-00C0F69B99AB}.Debug|x64.ActiveCfg = Debug|Any CPU
		{0085A518-02B6-4218-B718-00C0F69B99AB}.Debug|x64.Build.0 = Debug|Any CPU
		{0085A518-02B6-4218-B718-00C0F69B99AB}.Release|Any CPU.ActiveCfg = Release|Any CPU
		{0085A518-02B6-4218-B718-00C0F69B99AB}.Release|Any CPU.Build.0 = Release|Any CPU
		{0085A518-02B6-4218-B718-00C0F69B99AB}.Release|x64.ActiveCfg = Release|Any CPU
		{0085A518-02B6-4218-B718-00C0F69B99AB}.Release|x64.Build.0 = Release|Any CPU
		{E6A4D948-7741-4A56-92A4-C8B800CC7DDE}.Debug|Any CPU.ActiveCfg = Debug|Any CPU
		{E6A4D948-7741-4A56-92A4-C8B800CC7DDE}.Debug|Any CPU.Build.0 = Debug|Any CPU
		{E6A4D948-7741-4A56-92A4-C8B800CC7DDE}.Debug|x64.ActiveCfg = Debug|Any CPU
		{E6A4D948-7741-4A56-92A4-C8B800CC7DDE}.Debug|x64.Build.0 = Debug|Any CPU
		{E6A4D948-7741-4A56-92A4-C8B800CC7DDE}.Release|Any CPU.ActiveCfg = Release|Any CPU
		{E6A4D948-7741-4A56-92A4-C8B800CC7DDE}.Release|Any CPU.Build.0 = Release|Any CPU
		{E6A4D948-7741-4A56-92A4-C8B800CC7DDE}.Release|x64.ActiveCfg = Release|Any CPU
		{E6A4D948-7741-4A56-92A4-C8B800CC7DDE}.Release|x64.Build.0 = Release|Any CPU
		{DC8C5A1A-6269-4BA7-852A-D21CB0B2B5A0}.Debug|Any CPU.ActiveCfg = Debug|Any CPU
		{DC8C5A1A-6269-4BA7-852A-D21CB0B2B5A0}.Debug|Any CPU.Build.0 = Debug|Any CPU
		{DC8C5A1A-6269-4BA7-852A-D21CB0B2B5A0}.Debug|x64.ActiveCfg = Debug|Any CPU
		{DC8C5A1A-6269-4BA7-852A-D21CB0B2B5A0}.Debug|x64.Build.0 = Debug|Any CPU
		{DC8C5A1A-6269-4BA7-852A-D21CB0B2B5A0}.Release|Any CPU.ActiveCfg = Release|Any CPU
		{DC8C5A1A-6269-4BA7-852A-D21CB0B2B5A0}.Release|Any CPU.Build.0 = Release|Any CPU
		{DC8C5A1A-6269-4BA7-852A-D21CB0B2B5A0}.Release|x64.ActiveCfg = Release|Any CPU
		{DC8C5A1A-6269-4BA7-852A-D21CB0B2B5A0}.Release|x64.Build.0 = Release|Any CPU
		{F4BA95B9-0353-44CA-9502-C74B532321B7}.Debug|Any CPU.ActiveCfg = Debug|Any CPU
		{F4BA95B9-0353-44CA-9502-C74B532321B7}.Debug|Any CPU.Build.0 = Debug|Any CPU
		{F4BA95B9-0353-44CA-9502-C74B532321B7}.Debug|x64.ActiveCfg = Debug|Any CPU
		{F4BA95B9-0353-44CA-9502-C74B532321B7}.Debug|x64.Build.0 = Debug|Any CPU
		{F4BA95B9-0353-44CA-9502-C74B532321B7}.Release|Any CPU.ActiveCfg = Release|Any CPU
		{F4BA95B9-0353-44CA-9502-C74B532321B7}.Release|Any CPU.Build.0 = Release|Any CPU
		{F4BA95B9-0353-44CA-9502-C74B532321B7}.Release|x64.ActiveCfg = Release|Any CPU
		{F4BA95B9-0353-44CA-9502-C74B532321B7}.Release|x64.Build.0 = Release|Any CPU
		{594AACB5-B550-46CF-B6E2-16EF826D655A}.Debug|Any CPU.ActiveCfg = Debug|Any CPU
		{594AACB5-B550-46CF-B6E2-16EF826D655A}.Debug|Any CPU.Build.0 = Debug|Any CPU
		{594AACB5-B550-46CF-B6E2-16EF826D655A}.Debug|x64.ActiveCfg = Debug|x64
		{594AACB5-B550-46CF-B6E2-16EF826D655A}.Debug|x64.Build.0 = Debug|x64
		{594AACB5-B550-46CF-B6E2-16EF826D655A}.Release|Any CPU.ActiveCfg = Release|Any CPU
		{594AACB5-B550-46CF-B6E2-16EF826D655A}.Release|Any CPU.Build.0 = Release|Any CPU
		{594AACB5-B550-46CF-B6E2-16EF826D655A}.Release|x64.ActiveCfg = Release|x64
		{594AACB5-B550-46CF-B6E2-16EF826D655A}.Release|x64.Build.0 = Release|x64
		{560C8028-2831-4697-9571-A9920FB972E7}.Debug|Any CPU.ActiveCfg = Debug|Any CPU
		{560C8028-2831-4697-9571-A9920FB972E7}.Debug|Any CPU.Build.0 = Debug|Any CPU
		{560C8028-2831-4697-9571-A9920FB972E7}.Debug|x64.ActiveCfg = Debug|Any CPU
		{560C8028-2831-4697-9571-A9920FB972E7}.Debug|x64.Build.0 = Debug|Any CPU
		{560C8028-2831-4697-9571-A9920FB972E7}.Release|Any CPU.ActiveCfg = Release|Any CPU
		{560C8028-2831-4697-9571-A9920FB972E7}.Release|Any CPU.Build.0 = Release|Any CPU
		{560C8028-2831-4697-9571-A9920FB972E7}.Release|x64.ActiveCfg = Release|Any CPU
		{560C8028-2831-4697-9571-A9920FB972E7}.Release|x64.Build.0 = Release|Any CPU
		{7D1F6C4F-2A50-4706-8ECF-BA8BCE3E1C81}.Debug|Any CPU.ActiveCfg = Debug|Any CPU
		{7D1F6C4F-2A50-4706-8ECF-BA8BCE3E1C81}.Debug|Any CPU.Build.0 = Debug|Any CPU
		{7D1F6C4F-2A50-4706-8ECF-BA8BCE3E1C81}.Debug|x64.ActiveCfg = Debug|Any CPU
		{7D1F6C4F-2A50-4706-8ECF-BA8BCE3E1C81}.Debug|x64.Build.0 = Debug|Any CPU
		{7D1F6C4F-2A50-4706-8ECF-BA8BCE3E1C81}.Release|Any CPU.ActiveCfg = Release|Any CPU
		{7D1F6C4F-2A50-4706-8ECF-BA8BCE3E1C81}.Release|Any CPU.Build.0 = Release|Any CPU
		{7D1F6C4F-2A50-4706-8ECF-BA8BCE3E1C81}.Release|x64.ActiveCfg = Release|Any CPU
		{7D1F6C4F-2A50-4706-8ECF-BA8BCE3E1C81}.Release|x64.Build.0 = Release|Any CPU
	EndGlobalSection
	GlobalSection(SolutionProperties) = preSolution
		HideSolutionNode = FALSE
	EndGlobalSection
	GlobalSection(NestedProjects) = preSolution
		{DC8C5A1A-6269-4BA7-852A-D21CB0B2B5A0} = {A651676B-FBDB-4710-B010-D05AF3A56084}
		{F4BA95B9-0353-44CA-9502-C74B532321B7} = {6118BF32-23BA-4D33-946E-F7E8A6F5D758}
		{594AACB5-B550-46CF-B6E2-16EF826D655A} = {6118BF32-23BA-4D33-946E-F7E8A6F5D758}
		{560C8028-2831-4697-9571-A9920FB972E7} = {6118BF32-23BA-4D33-946E-F7E8A6F5D758}
	EndGlobalSection
	GlobalSection(ExtensibilityGlobals) = postSolution
		SolutionGuid = {EDB10920-970A-43F9-A2B3-7F1270DD477B}
	EndGlobalSection
	GlobalSection(SharedMSBuildProjectFiles) = preSolution
		SourceGenerator.Foundations.Shared\SourceGenerator.Foundations.Shared.projitems*{8af3630c-2bf5-4854-a45d-0074c2787964}*SharedItemsImports = 13
	EndGlobalSection
EndGlobal
